
Microsoft Visual Studio Solution File, Format Version 12.00
# Visual Studio 15
VisualStudioVersion = 15.0.28010.2026
MinimumVisualStudioVersion = 10.0.40219.1
Project("{FAE04EC0-301F-11D3-BF4B-00C04F79EFBC}") = "SimpleRPG", "SimpleRPG\SimpleRPG.csproj", "{7F20FE26-63D4-478D-AF33-6561CE71BDC7}"
EndProject
Global
	GlobalSection(SolutionConfigurationPlatforms) = preSolution
		Debug|Any CPU = Debug|Any CPU
		Release|Any CPU = Release|Any CPU
	EndGlobalSection
	GlobalSection(ProjectConfigurationPlatforms) = postSolution
		{7F20FE26-63D4-478D-AF33-6561CE71BDC7}.Debug|Any CPU.ActiveCfg = Debug|Any CPU
		{7F20FE26-63D4-478D-AF33-6561CE71BDC7}.Debug|Any CPU.Build.0 = Debug|Any CPU
		{7F20FE26-63D4-478D-AF33-6561CE71BDC7}.Release|Any CPU.ActiveCfg = Release|Any CPU
		{7F20FE26-63D4-478D-AF33-6561CE71BDC7}.Release|Any CPU.Build.0 = Release|Any CPU
	EndGlobalSection
	GlobalSection(SolutionProperties) = preSolution
		HideSolutionNode = FALSE
	EndGlobalSection
	GlobalSection(ExtensibilityGlobals) = postSolution
		SolutionGuid = {94275509-648C-46F4-B140-705F8B81BCD2}
	EndGlobalSection
EndGlobal
